<?xml version="1.0" encoding="utf-8"?>
<Project ToolsVersion="4.0" xmlns="http://schemas.microsoft.com/developer/msbuild/2003">
  <ItemGroup>
    <Filter Include="Source Files">
      <UniqueIdentifier>{4FC737F1-C7A5-4376-A066-2A32D752A2FF}</UniqueIdentifier>
      <Extensions>cpp;c;cc;cxx;def;odl;idl;hpj;bat;asm;asmx</Extensions>
    </Filter>
    <Filter Include="Header Files">
      <UniqueIdentifier>{93995380-89BD-4b04-88EB-625FBE52EBFB}</UniqueIdentifier>
      <Extensions>h;hh;hpp;hxx;hm;inl;inc;ipp;xsd</Extensions>
    </Filter>
    <Filter Include="Resource Files">
      <UniqueIdentifier>{67DA6AB6-F800-4c08-8B7A-83BB121AAD01}</UniqueIdentifier>
      <Extensions>rc;ico;cur;bmp;dlg;rc2;rct;bin;rgs;gif;jpg;jpeg;jpe;resx;tiff;tif;png;wav;mfcribbon-ms</Extensions>
    </Filter>
  </ItemGroup>
  <ItemGroup>
    <ClInclude Include="DeviceEnumeration.h">
      <Filter>Header Files</Filter>
    </ClInclude>
    <ClInclude Include="DeviceInstantiation.h">
      <Filter>Header Files</Filter>
    </ClInclude>
    <ClInclude Include="UnsupportedDevice.h">
      <Filter>Header Files</Filter>
    </ClInclude>
    <ClInclude Include="Errors.h">
      <Filter>Header Files</Filter>
    </ClInclude>
    <ClInclude Include="KinesisDevice.h">
      <Filter>Header Files</Filter>
    </ClInclude>
    <ClInclude Include="BenchtopBrushless.h">
      <Filter>Header Files</Filter>
    </ClInclude>
    <ClInclude Include="KCubeBrushless.h">
      <Filter>Header Files</Filter>
    </ClInclude>
    <ClInclude Include="IntegratedStepper.h">
      <Filter>Header Files</Filter>
    </ClInclude>
    <ClInclude Include="TCubeBrushless.h">
      <Filter>Header Files</Filter>
    </ClInclude>
    <ClInclude Include="BenchtopDCServo.h">
      <Filter>Header Files</Filter>
    </ClInclude>
    <ClInclude Include="BenchtopStepper.h">
      <Filter>Header Files</Filter>
    </ClInclude>
    <ClInclude Include="KCubeDCServo.h">
      <Filter>Header Files</Filter>
    </ClInclude>
    <ClInclude Include="KCubeStepper.h">
      <Filter>Header Files</Filter>
    </ClInclude>
    <ClInclude Include="TCubeDCServo.h">
      <Filter>Header Files</Filter>
    </ClInclude>
    <ClInclude Include="TCubeStepper.h">
      <Filter>Header Files</Filter>
    </ClInclude>
    <ClInclude Include="SingleAxisStage.h">
      <Filter>Header Files</Filter>
    </ClInclude>
    <ClInclude Include="Connections.h">
      <Filter>Header Files</Filter>
    </ClInclude>
    <ClInclude Include="VerticalStage.h">
      <Filter>Header Files</Filter>
    </ClInclude>
    <ClInclude Include="DLLAccess.h">
      <Filter>Header Files</Filter>
    </ClInclude>
  </ItemGroup>
  <ItemGroup>
    <ClCompile Include="DeviceEnumeration.cpp">
      <Filter>Source Files</Filter>
    </ClCompile>
    <ClCompile Include="DeviceInstantiation.cpp">
      <Filter>Source Files</Filter>
    </ClCompile>
    <ClCompile Include="KinesisDeviceAdapter.cpp">
      <Filter>Source Files</Filter>
    </ClCompile>
    <ClCompile Include="BenchtopBrushless.cpp">
      <Filter>Source Files</Filter>
    </ClCompile>
    <ClCompile Include="KCubeBrushless.cpp">
      <Filter>Source Files</Filter>
    </ClCompile>
    <ClCompile Include="IntegratedStepper.cpp">
      <Filter>Source Files</Filter>
    </ClCompile>
    <ClCompile Include="TCubeBrushless.cpp">
      <Filter>Source Files</Filter>
    </ClCompile>
    <ClCompile Include="BenchtopDCServo.cpp">
      <Filter>Source Files</Filter>
    </ClCompile>
    <ClCompile Include="BenchtopStepper.cpp">
      <Filter>Source Files</Filter>
    </ClCompile>
    <ClCompile Include="KCubeDCServo.cpp">
      <Filter>Source Files</Filter>
    </ClCompile>
    <ClCompile Include="KCubeStepper.cpp">
      <Filter>Source Files</Filter>
    </ClCompile>
    <ClCompile Include="TCubeDCServo.cpp">
      <Filter>Source Files</Filter>
    </ClCompile>
    <ClCompile Include="TCubeStepper.cpp">
      <Filter>Source Files</Filter>
    </ClCompile>
    <ClCompile Include="SingleAxisStage.cpp">
      <Filter>Source Files</Filter>
    </ClCompile>
    <ClCompile Include="Connection.cpp">
      <Filter>Source Files</Filter>
    </ClCompile>
    <ClCompile Include="KinesisDevice.cpp">
      <Filter>Source Files</Filter>
    </ClCompile>
    <ClCompile Include="VerticalStage.cpp">
      <Filter>Source Files</Filter>
    </ClCompile>
    <ClCompile Include="DLLAccess.cpp">
      <Filter>Source Files</Filter>
    </ClCompile>
  </ItemGroup>
</Project>